
Microsoft Visual Studio Solution File, Format Version 12.00
# Visual Studio Version 17
VisualStudioVersion = 17.1.32228.430
MinimumVisualStudioVersion = 10.0.40219.1
Project("{9A19103F-16F7-4668-BE54-9A1E7A4F7556}") = "BlazorServerPdfExtractor", "BlazorServerPdfExtractor\BlazorServerPdfExtractor.csproj", "{44B94127-4E30-4AD3-9D34-2AF95E50B19D}"
EndProject
Global
	GlobalSection(SolutionConfigurationPlatforms) = preSolution
		Debug|Any CPU = Debug|Any CPU
		Release|Any CPU = Release|Any CPU
	EndGlobalSection
	GlobalSection(ProjectConfigurationPlatforms) = postSolution
		{44B94127-4E30-4AD3-9D34-2AF95E50B19D}.Debug|Any CPU.ActiveCfg = Debug|Any CPU
		{44B94127-4E30-4AD3-9D34-2AF95E50B19D}.Debug|Any CPU.Build.0 = Debug|Any CPU
		{44B94127-4E30-4AD3-9D34-2AF95E50B19D}.Release|Any CPU.ActiveCfg = Release|Any CPU
		{44B94127-4E30-4AD3-9D34-2AF95E50B19D}.Release|Any CPU.Build.0 = Release|Any CPU
	EndGlobalSection
	GlobalSection(SolutionProperties) = preSolution
		HideSolutionNode = FALSE
	EndGlobalSection
	GlobalSection(ExtensibilityGlobals) = postSolution
		SolutionGuid = {7514739C-7C78-40AD-B520-A31190EF2C68}
	EndGlobalSection
EndGlobal
